
Microsoft Visual Studio Solution File, Format Version 12.00
# Visual Studio Version 17
VisualStudioVersion = 17.9.34728.123
MinimumVisualStudioVersion = 10.0.40219.1
Project("{FAE04EC0-301F-11D3-BF4B-00C04F79EFBC}") = "instailerJarvis", "instailerJarvis\instailerJarvis.csproj", "{6C2DC74C-3976-4321-A4F7-4083459FB8F1}"
EndProject
Global
	GlobalSection(SolutionConfigurationPlatforms) = preSolution
		Debug|Any CPU = Debug|Any CPU
		Release|Any CPU = Release|Any CPU
	EndGlobalSection
	GlobalSection(ProjectConfigurationPlatforms) = postSolution
		{6C2DC74C-3976-4321-A4F7-4083459FB8F1}.Debug|Any CPU.ActiveCfg = Debug|Any CPU
		{6C2DC74C-3976-4321-A4F7-4083459FB8F1}.Debug|Any CPU.Build.0 = Debug|Any CPU
		{6C2DC74C-3976-4321-A4F7-4083459FB8F1}.Release|Any CPU.ActiveCfg = Release|Any CPU
		{6C2DC74C-3976-4321-A4F7-4083459FB8F1}.Release|Any CPU.Build.0 = Release|Any CPU
	EndGlobalSection
	GlobalSection(SolutionProperties) = preSolution
		HideSolutionNode = FALSE
	EndGlobalSection
	GlobalSection(ExtensibilityGlobals) = postSolution
		SolutionGuid = {7A78D9CE-D956-4E35-A1DF-5A745F9809DF}
	EndGlobalSection
EndGlobal
